
Microsoft Visual Studio Solution File, Format Version 12.00
# Visual Studio Version 17
VisualStudioVersion = 17.0.32014.148
MinimumVisualStudioVersion = 10.0.40219.1
Project("{FAE04EC0-301F-11D3-BF4B-00C04F79EFBC}") = "Streamish", "Streamish\Streamish.csproj", "{D49DB2A8-39F2-4E74-82FF-15DB94F9E297}"
EndProject
Global
	GlobalSection(SolutionConfigurationPlatforms) = preSolution
		Debug|Any CPU = Debug|Any CPU
		Release|Any CPU = Release|Any CPU
	EndGlobalSection
	GlobalSection(ProjectConfigurationPlatforms) = postSolution
		{D49DB2A8-39F2-4E74-82FF-15DB94F9E297}.Debug|Any CPU.ActiveCfg = Debug|Any CPU
		{D49DB2A8-39F2-4E74-82FF-15DB94F9E297}.Debug|Any CPU.Build.0 = Debug|Any CPU
		{D49DB2A8-39F2-4E74-82FF-15DB94F9E297}.Release|Any CPU.ActiveCfg = Release|Any CPU
		{D49DB2A8-39F2-4E74-82FF-15DB94F9E297}.Release|Any CPU.Build.0 = Release|Any CPU
	EndGlobalSection
	GlobalSection(SolutionProperties) = preSolution
		HideSolutionNode = FALSE
	EndGlobalSection
	GlobalSection(ExtensibilityGlobals) = postSolution
		SolutionGuid = {993B938D-3776-4347-B808-2A8C137AFEED}
	EndGlobalSection
EndGlobal
